{
    "_meta": {
        "hash": {
            "sha256": "1f337c7521be88c03c93412b15a95f6c195bd933739bee7c5bd43da5075ccefa"
        },
        "pipfile-spec": 6,
        "requires": {
            "python_version": "3.8"
        },
        "sources": [
            {
                "name": "pypi",
                "url": "https://pypi.org/simple",
                "verify_ssl": true
            }
        ]
    },
    "default": {
        "brotli": {
            "hashes": [
                "sha256:160c78292e98d21e73a4cc7f76a234390e516afcd982fa17e1422f7c6a9ce9c8",
                "sha256:16d528a45c2e1909c2798f27f7bf0a3feec1dc9e50948e738b961618e38b6a7b",
                "sha256:19598ecddd8a212aedb1ffa15763dd52a388518c4550e615aed88dc3753c0f0c",
                "sha256:1c48472a6ba3b113452355b9af0a60da5c2ae60477f8feda8346f8fd48e3e87c",
                "sha256:268fe94547ba25b58ebc724680609c8ee3e5a843202e9a381f6f9c5e8bdb5c70",
                "sha256:269a5743a393c65db46a7bb982644c67ecba4b8d91b392403ad8a861ba6f495f",
                "sha256:26d168aac4aaec9a4394221240e8a5436b5634adc3cd1cdf637f6645cecbf181",
                "sha256:29d1d350178e5225397e28ea1b7aca3648fcbab546d20e7475805437bfb0a130",
                "sha256:2aad0e0baa04517741c9bb5b07586c642302e5fb3e75319cb62087bd0995ab19",
                "sha256:35a3edbe18e876e596553c4007a087f8bcfd538f19bc116917b3c7522fca0429",
                "sha256:3b78a24b5fd13c03ee2b7b86290ed20efdc95da75a3557cc06811764d5ad1126",
                "sha256:40d15c79f42e0a2c72892bf407979febd9cf91f36f495ffb333d1d04cebb34e4",
                "sha256:44bb8ff420c1d19d91d79d8c3574b8954288bdff0273bf788954064d260d7ab0",
                "sha256:4d1b810aa0ed773f81dceda2cc7b403d01057458730e309856356d4ef4188438",
                "sha256:503fa6af7da9f4b5780bb7e4cbe0c639b010f12be85d02c99452825dd0feef3f",
                "sha256:56d027eace784738457437df7331965473f2c0da2c70e1a1f6fdbae5402e0389",
                "sha256:5913a1177fc36e30fcf6dc868ce23b0453952c78c04c266d3149b3d39e1410d6",
                "sha256:5b6ef7d9f9c38292df3690fe3e302b5b530999fa90014853dcd0d6902fb59f26",
                "sha256:5cb1e18167792d7d21e21365d7650b72d5081ed476123ff7b8cac7f45189c0c7",
                "sha256:61a7ee1f13ab913897dac7da44a73c6d44d48a4adff42a5701e3239791c96e14",
                "sha256:622a231b08899c864eb87e85f81c75e7b9ce05b001e59bbfbf43d4a71f5f32b2",
                "sha256:68715970f16b6e92c574c30747c95cf8cf62804569647386ff032195dc89a430",
                "sha256:6b2ae9f5f67f89aade1fab0f7fd8f2832501311c363a21579d02defa844d9296",
                "sha256:6c772d6c0a79ac0f414a9f8947cc407e119b8598de7621f39cacadae3cf57d12",
                "sha256:76ffebb907bec09ff511bb3acc077695e2c32bc2142819491579a695f77ffd4d",
                "sha256:7cb81373984cc0e4682f31bc3d6be9026006d96eecd07ea49aafb06897746452",
                "sha256:7ee83d3e3a024a9618e5be64648d6d11c37047ac48adff25f12fa4226cf23d1c",
                "sha256:854c33dad5ba0fbd6ab69185fec8dab89e13cda6b7d191ba111987df74f38761",
                "sha256:87fdccbb6bb589095f413b1e05734ba492c962b4a45a13ff3408fa44ffe6479b",
                "sha256:88c63a1b55f352b02c6ffd24b15ead9fc0e8bf781dbe070213039324922a2eea",
                "sha256:8a674ac10e0a87b683f4fa2b6fa41090edfd686a6524bd8dedbd6138b309175c",
                "sha256:93130612b837103e15ac3f9cbacb4613f9e348b58b3aad53721d92e57f96d46a",
                "sha256:9744a863b489c79a73aba014df554b0e7a0fc44ef3f8a0ef2a52919c7d155031",
                "sha256:9749a124280a0ada4187a6cfd1ffd35c350fb3af79c706589d98e088c5044267",
                "sha256:97f715cf371b16ac88b8c19da00029804e20e25f30d80203417255d239f228b5",
                "sha256:9bf919756d25e4114ace16a8ce91eb340eb57a08e2c6950c3cebcbe3dff2a5e7",
                "sha256:9d12cf2851759b8de8ca5fde36a59c08210a97ffca0eb94c532ce7b17c6a3d1d",
                "sha256:a72661af47119a80d82fa583b554095308d6a4c356b2a554fdc2799bc19f2a43",
                "sha256:afde17ae04d90fbe53afb628f7f2d4ca022797aa093e809de5c3cf276f61bbfa",
                "sha256:b663f1e02de5d0573610756398e44c130add0eb9a3fc912a09665332942a2efb",
                "sha256:c2415d9d082152460f2bd4e382a1e85aed233abc92db5a3880da2257dc7daf7b",
                "sha256:c83aa123d56f2e060644427a882a36b3c12db93727ad7a7b9efd7d7f3e9cc2c4",
                "sha256:cfc391f4429ee0a9370aa93d812a52e1fee0f37a81861f4fdd1f4fb28e8547c3",
                "sha256:db844eb158a87ccab83e868a762ea8024ae27337fc7ddcbfcddd157f841fdfe7",
                "sha256:defed7ea5f218a9f2336301e6fd379f55c655bea65ba2476346340a0ce6f74a1",
                "sha256:e16eb9541f3dd1a3e92b89005e37b1257b157b7256df0e36bd7b33b50be73bcb",
                "sha256:f909bbbc433048b499cb9db9e713b5d8d949e8c109a2a548502fb9aa8630f0b1"
            ],
            "version": "==1.0.9"
        },
        "certifi": {
            "hashes": [
                "sha256:2bbf76fd432960138b3ef6dda3dde0544f27cbf8546c458e60baf371917ba9ee",
                "sha256:50b1e4f8446b06f41be7dd6338db18e0990601dce795c2b1686458aa7e8fa7d8"
            ],
            "version": "==2021.5.30"
        },
        "charset-normalizer": {
            "hashes": [
                "sha256:0c8911edd15d19223366a194a513099a302055a962bca2cec0f54b8b63175d8b",
                "sha256:f23667ebe1084be45f6ae0538e4a5a865206544097e4e8bbcacf42cd02a348f3"
            ],
            "markers": "python_version >= '3'",
            "version": "==2.0.4"
        },
        "click": {
            "hashes": [
                "sha256:8c04c11192119b1ef78ea049e0a6f0463e4c48ef00a30160c704337586f3ad7a",
                "sha256:fba402a4a47334742d782209a7c79bc448911afe1149d07bdabdf480b3e2f4b6"
            ],
            "markers": "python_version >= '3.6'",
            "version": "==8.0.1"
        },
        "colorama": {
            "hashes": [
                "sha256:5941b2b48a20143d2267e95b1c2a7603ce057ee39fd88e7329b0c292aa16869b",
                "sha256:9f47eda37229f68eee03b24b9748937c7dc3868f906e8ba69fbcbdd3bc5dc3e2"
            ],
            "markers": "platform_system == 'Windows'",
            "version": "==0.4.4"
        },
        "dash": {
            "hashes": [
                "sha256:23f331533663641a5c70a15c46da26d29ef5335f9aeb8bc03d09de865fc7cd62",
                "sha256:29277c24e2f795b069cb102ce1ab0cd3ad5cf9d3b4fd16c03da9671a5eea28a4"
            ],
            "index": "pypi",
            "version": "==2.0.0"
        },
        "dash-bootstrap-components": {
            "hashes": [
                "sha256:351a590c09668baefcf86833653ab127b961ab7a1beed76ee4fd93d2506f3ece",
                "sha256:6ebbf564e62221468b0233a1e53cbc5df0b2bd9aeb90e0d77517289ce396f28c"
            ],
            "index": "pypi",
            "version": "==0.13.0"
        },
        "dash-core-components": {
            "hashes": [
                "sha256:c6733874af975e552f95a1398a16c2ee7df14ce43fa60bb3718a3c6e0b63ffee"
            ],
            "version": "==2.0.0"
        },
        "dash-html-components": {
            "hashes": [
                "sha256:8703a601080f02619a6390998e0b3da4a5daabe97a1fd7a9cebc09d015f26e50"
            ],
            "version": "==2.0.0"
        },
        "dash-table": {
            "hashes": [
                "sha256:18624d693d4c8ef2ddec99a6f167593437a7ea0bf153aa20f318c170c5bc7308"
            ],
            "version": "==5.0.0"
        },
        "flask": {
            "hashes": [
                "sha256:1c4c257b1892aec1398784c63791cbaa43062f1f7aeb555c4da961b20ee68f55",
                "sha256:a6209ca15eb63fc9385f38e452704113d679511d9574d09b2cf9183ae7d20dc9"
            ],
            "markers": "python_version >= '3.6'",
            "version": "==2.0.1"
        },
        "flask-caching": {
            "hashes": [
                "sha256:bcda8acbc7508e31e50f63e9b1ab83185b446f6b6318bd9dd1d45626fba2e903",
                "sha256:cf19b722fcebc2ba03e4ae7c55b532ed53f0cbf683ce36fafe5e881789a01c00"
            ],
            "index": "pypi",
            "version": "==1.10.1"
        },
        "flask-compress": {
            "hashes": [
                "sha256:28352387efbbe772cfb307570019f81957a13ff718d994a9125fa705efb73680",
                "sha256:a6c2d1ff51771e9b39d7a612754f4cb4e8af20cebe16b02fd19d98d8dd6966e5"
            ],
            "version": "==1.10.1"
        },
        "gunicorn": {
            "hashes": [
                "sha256:9dcc4547dbb1cb284accfb15ab5667a0e5d1881cc443e0677b4882a4067a807e",
                "sha256:e0a968b5ba15f8a328fdfd7ab1fcb5af4470c28aaf7e55df02a99bc13138e6e8"
            ],
            "index": "pypi",
            "version": "==20.1.0"
        },
        "h5py": {
            "hashes": [
                "sha256:0b0f002f5f341afe7d3d7e15198e80d9021da24a4d182d88068d79bfc91fba86",
                "sha256:1edf33e722d47c6eb3878d51173b23dd848939f006f41b498bafceff87fb4cbd",
                "sha256:46917f20021dde02865572a5fd2bb620945f7b7cd268bdc8e3f5720c32b38140",
                "sha256:708ddff49af12c01d77e0f9782bb1a0364d96459ec0d1f85d90baea6d203764b",
                "sha256:8745e5159830d7975a9cf38690455f22601509cda04de29b7e88b3fbdc747611",
                "sha256:8e809149f95d9a3a33b1279bfbf894c78635a5497e8d5ac37420fa5ec0cf4f29",
                "sha256:aa511bd05a9174c3008becdc93bd5785e254d34a6ab5f0425e6b2fbbc88afa6d",
                "sha256:bb4ce46095e3b16c872aaf62adad33f40039fecae04674eb62c035386affcb91",
                "sha256:be2a545f09074546f73305e0db6d36aaf1fb6ea2fcf1add2ce306b9c7f78e55a",
                "sha256:ee1c683d91ab010d5e85cb61e8f9e7ee0d8eab545bf3dd50a9618f1d0e8f615e"
            ],
            "markers": "python_version >= '3.7'",
            "version": "==3.4.0"
        },
        "idna": {
            "hashes": [
                "sha256:14475042e284991034cb48e06f6851428fb14c4dc953acd9be9a5e95c7b6dd7a",
                "sha256:467fbad99067910785144ce333826c71fb0e63a425657295239737f7ecd125f3"
            ],
            "markers": "python_version >= '3'",
            "version": "==3.2"
        },
        "itsdangerous": {
            "hashes": [
                "sha256:5174094b9637652bdb841a3029700391451bd092ba3db90600dea710ba28e97c",
                "sha256:9e724d68fc22902a1435351f84c3fb8623f303fffcc566a4cb952df8c572cff0"
            ],
            "markers": "python_version >= '3.6'",
            "version": "==2.0.1"
        },
        "jinja2": {
            "hashes": [
                "sha256:1f06f2da51e7b56b8f238affdd6b4e2c61e39598a378cc49345bc1bd42a978a4",
                "sha256:703f484b47a6af502e743c9122595cc812b0271f661722403114f71a79d0f5a4"
            ],
            "markers": "python_version >= '3.6'",
            "version": "==3.0.1"
        },
        "llvmlite": {
            "hashes": [
                "sha256:14030a1c0f9aee0185db069163240c51d4e8a3eec0daf02468e057281dee612b",
                "sha256:15b8ac7a489e31b7d5c482193edaa44374e3c18e409bea494224e31eb60e38e5",
                "sha256:30431fe9a9b7b1c3585b71149cc11dc79b9d62dc86d3db15c3dcca33d274b5be",
                "sha256:447b01c25d18921c4179f2eccba218d7c82b65cfe3952b0d018d569945427bf9",
                "sha256:4616e17914fcc7c5bfb7d1014acbd4fca478949820e86218a29d9473d0aa221b",
                "sha256:4c1e91fd4ba2764161e9a05b6fff46a52d26170186bad99629777e8c7246f0ef",
                "sha256:57c1dae337863b497c141d40736041d4acb7769226b44fe05959fce3c3570d5d",
                "sha256:6392b870cd018ec0c645d6bbb918d6aa0eeca8c62674baaee30862d6b6865b15",
                "sha256:7449acca596f45e9e12b20c0b72d184f83025341cc2d44d7ccf5fe31356dcd08",
                "sha256:74b6c3d2eb8cef32a09e8fd7637d0d37628c74f4deedf9361e0c0ebecc239208",
                "sha256:794191922ac6414c55d66058eaba8b88a630c6e9f2cf0db7e8e661e74d71fa14",
                "sha256:995c1a2c8b6a11a7f2c66e52576de6a28292d37842d383aae5be7b965b56d10f",
                "sha256:ab00b7996e5ef795f59d95d3125850f3af28d19e43bdc08473947cb8045ce098",
                "sha256:b6466d6369051e5c083b15cf285c00595ddb7f828be1ebecb1dfb97f3fab0bff",
                "sha256:c92a209439fd0b8a41f6e2aba1d3afa260357028a29ed7db8c602c4d67c21540",
                "sha256:cf7d623d33d24df51adc4e9e9f5734df752330661793d1662425ad2e926cb2d4",
                "sha256:d31a3bd69894b31bbc68df00e0b37b0980a0cf025f9dbea9cdd37988230c33a3",
                "sha256:df1d1b162a426480b37d6c4adeddff49e2fb9f71b307c7facac67bdce4767746",
                "sha256:f9e84d683943c2f636b08db9b2d182d4b40b83e1a3e31e100af3bb9ed8d94bcd"
            ],
            "markers": "python_version < '3.10' and python_version >= '3.7'",
            "version": "==0.37.0"
        },
        "markupsafe": {
            "hashes": [
                "sha256:01a9b8ea66f1658938f65b93a85ebe8bc016e6769611be228d797c9d998dd298",
                "sha256:023cb26ec21ece8dc3907c0e8320058b2e0cb3c55cf9564da612bc325bed5e64",
                "sha256:0446679737af14f45767963a1a9ef7620189912317d095f2d9ffa183a4d25d2b",
                "sha256:0717a7390a68be14b8c793ba258e075c6f4ca819f15edfc2a3a027c823718567",
                "sha256:0955295dd5eec6cb6cc2fe1698f4c6d84af2e92de33fbcac4111913cd100a6ff",
                "sha256:0d4b31cc67ab36e3392bbf3862cfbadac3db12bdd8b02a2731f509ed5b829724",
                "sha256:10f82115e21dc0dfec9ab5c0223652f7197feb168c940f3ef61563fc2d6beb74",
                "sha256:168cd0a3642de83558a5153c8bd34f175a9a6e7f6dc6384b9655d2697312a646",
                "sha256:1d609f577dc6e1aa17d746f8bd3c31aa4d258f4070d61b2aa5c4166c1539de35",
                "sha256:1f2ade76b9903f39aa442b4aadd2177decb66525062db244b35d71d0ee8599b6",
                "sha256:2a7d351cbd8cfeb19ca00de495e224dea7e7d919659c2841bbb7f420ad03e2d6",
                "sha256:2d7d807855b419fc2ed3e631034685db6079889a1f01d5d9dac950f764da3dad",
                "sha256:2ef54abee730b502252bcdf31b10dacb0a416229b72c18b19e24a4509f273d26",
                "sha256:36bc903cbb393720fad60fc28c10de6acf10dc6cc883f3e24ee4012371399a38",
                "sha256:37205cac2a79194e3750b0af2a5720d95f786a55ce7df90c3af697bfa100eaac",
                "sha256:3c112550557578c26af18a1ccc9e090bfe03832ae994343cfdacd287db6a6ae7",
                "sha256:3dd007d54ee88b46be476e293f48c85048603f5f516008bee124ddd891398ed6",
                "sha256:47ab1e7b91c098ab893b828deafa1203de86d0bc6ab587b160f78fe6c4011f75",
                "sha256:49e3ceeabbfb9d66c3aef5af3a60cc43b85c33df25ce03d0031a608b0a8b2e3f",
                "sha256:4efca8f86c54b22348a5467704e3fec767b2db12fc39c6d963168ab1d3fc9135",
                "sha256:53edb4da6925ad13c07b6d26c2a852bd81e364f95301c66e930ab2aef5b5ddd8",
                "sha256:5855f8438a7d1d458206a2466bf82b0f104a3724bf96a1c781ab731e4201731a",
                "sha256:594c67807fb16238b30c44bdf74f36c02cdf22d1c8cda91ef8a0ed8dabf5620a",
                "sha256:5bb28c636d87e840583ee3adeb78172efc47c8b26127267f54a9c0ec251d41a9",
                "sha256:60bf42e36abfaf9aff1f50f52644b336d4f0a3fd6d8a60ca0d054ac9f713a864",
                "sha256:611d1ad9a4288cf3e3c16014564df047fe08410e628f89805e475368bd304914",
                "sha256:6557b31b5e2c9ddf0de32a691f2312a32f77cd7681d8af66c2692efdbef84c18",
                "sha256:693ce3f9e70a6cf7d2fb9e6c9d8b204b6b39897a2c4a1aa65728d5ac97dcc1d8",
                "sha256:6a7fae0dd14cf60ad5ff42baa2e95727c3d81ded453457771d02b7d2b3f9c0c2",
                "sha256:6c4ca60fa24e85fe25b912b01e62cb969d69a23a5d5867682dd3e80b5b02581d",
                "sha256:6fcf051089389abe060c9cd7caa212c707e58153afa2c649f00346ce6d260f1b",
                "sha256:7d91275b0245b1da4d4cfa07e0faedd5b0812efc15b702576d103293e252af1b",
                "sha256:905fec760bd2fa1388bb5b489ee8ee5f7291d692638ea5f67982d968366bef9f",
                "sha256:97383d78eb34da7e1fa37dd273c20ad4320929af65d156e35a5e2d89566d9dfb",
                "sha256:984d76483eb32f1bcb536dc27e4ad56bba4baa70be32fa87152832cdd9db0833",
                "sha256:99df47edb6bda1249d3e80fdabb1dab8c08ef3975f69aed437cb69d0a5de1e28",
                "sha256:a30e67a65b53ea0a5e62fe23682cfe22712e01f453b95233b25502f7c61cb415",
                "sha256:ab3ef638ace319fa26553db0624c4699e31a28bb2a835c5faca8f8acf6a5a902",
                "sha256:add36cb2dbb8b736611303cd3bfcee00afd96471b09cda130da3581cbdc56a6d",
                "sha256:b2f4bf27480f5e5e8ce285a8c8fd176c0b03e93dcc6646477d4630e83440c6a9",
                "sha256:b7f2d075102dc8c794cbde1947378051c4e5180d52d276987b8d28a3bd58c17d",
                "sha256:baa1a4e8f868845af802979fcdbf0bb11f94f1cb7ced4c4b8a351bb60d108145",
                "sha256:be98f628055368795d818ebf93da628541e10b75b41c559fdf36d104c5787066",
                "sha256:bf5d821ffabf0ef3533c39c518f3357b171a1651c1ff6827325e4489b0e46c3c",
                "sha256:c47adbc92fc1bb2b3274c4b3a43ae0e4573d9fbff4f54cd484555edbf030baf1",
                "sha256:d7f9850398e85aba693bb640262d3611788b1f29a79f0c93c565694658f4071f",
                "sha256:d8446c54dc28c01e5a2dbac5a25f071f6653e6e40f3a8818e8b45d790fe6ef53",
                "sha256:e0f138900af21926a02425cf736db95be9f4af72ba1bb21453432a07f6082134",
                "sha256:e9936f0b261d4df76ad22f8fee3ae83b60d7c3e871292cd42f40b81b70afae85",
                "sha256:f5653a225f31e113b152e56f154ccbe59eeb1c7487b39b9d9f9cdb58e6c79dc5",
                "sha256:f826e31d18b516f653fe296d967d700fddad5901ae07c622bb3705955e1faa94",
                "sha256:f8ba0e8349a38d3001fae7eadded3f6606f0da5d748ee53cc1dab1d6527b9509",
                "sha256:f9081981fe268bd86831e5c75f7de206ef275defcb82bc70740ae6dc507aee51",
                "sha256:fa130dd50c57d53368c9d59395cb5526eda596d3ffe36666cd81a44d56e48872"
            ],
            "markers": "python_version >= '3.6'",
            "version": "==2.0.1"
        },
        "numba": {
            "hashes": [
                "sha256:06b8a3d0896daad13bcdfe7c3d3431480aa4c12b3c4478b1c0c583394f3f63bc",
                "sha256:0801755ac3e05f7ba30c5404556cedc437f58baa3b1b4886c40c16f33c5d684c",
                "sha256:10f4e76dbf0a8f01a6fe9dd7d20e8f9c842c8a86c5ea9046fbf4c44c76c7451a",
                "sha256:13ee9e82b7ce3d147e0ec49d07034ffcc2e956df1cda9cbfd9ab855f2d50543b",
                "sha256:253f0989c1e1a0f4e6409eefeea59cddb11f181b44d75ac5a3a287cccff8c9f0",
                "sha256:27fdb46ea27c891b70f476f643af86d0af8c08a4d9d19a0ae28f80ce68efc550",
                "sha256:2e68807fe635792426ac2bf240bb031ef7fb0aab576ead556aa1fec7376f5d9a",
                "sha256:466099da7ab3d9b18b6e7cee420994f80acb6e3330a741e03030ac8eef4b3b78",
                "sha256:5963c6e39a25f8dfb85abd47451947b8a32e86b6ffcad091a01af37b27dcb11b",
                "sha256:61c037065c3762263d27bd08d87b7a00b18025016a54df836b096b689d1b8b91",
                "sha256:95718e256d2551e62d329a7d76193327c1974e9439cdba5929d383d86e664bb9",
                "sha256:97f996262a168d30b8d1d56b55a5a957229ff89ca2e436bd5c2d69afa441727d",
                "sha256:a33902c1861ec97cd92c7ded7ba4d6182bf5f91ed1228557f02ce5d3e5636301",
                "sha256:aaf44e8d3b0adaccaab7c19a6987850e8ad4130f8f5c99e203e8fb376d3f5abb",
                "sha256:b51e3624b9d05028181dd493588c28daba04ea901e9ca777e91897d4d82c9d32",
                "sha256:bad6bd98ab2e41c34aa9c80b8d9737e07d92a53df4f74d3ada1458b0b516ccff",
                "sha256:c27d7396e53a4daab0fdd2cd7181693797b5cedac1996855841be97fbf72d1de",
                "sha256:d6b30809ac4da6d25c51d0411ce034aa1c9b1f2eb20892bccede25a2ed70a70d",
                "sha256:ddf031ba9ddf0f1aeab0850efd7783121763600ca9f85dd3ee11ae97684c9ed6",
                "sha256:edf6744a906a107b49d601d7134fa318fcce9c3f468b5e4ac1fbe26ef3a3c03c",
                "sha256:f72aca38d8746adfb5018c58d41f683378e7d136e674281456ecc3e98ce09fbe",
                "sha256:fd3f98d3add16fce2a2792f6cf42eff97908324c0ae5038b0aa4c198dc7a7ab5"
            ],
            "markers": "python_version < '3.10' and python_version >= '3.7'",
            "version": "==0.54.0"
        },
        "numpy": {
            "hashes": [
                "sha256:1676b0a292dd3c99e49305a16d7a9f42a4ab60ec522eac0d3dd20cdf362ac010",
                "sha256:16f221035e8bd19b9dc9a57159e38d2dd060b48e93e1d843c49cb370b0f415fd",
                "sha256:43909c8bb289c382170e0282158a38cf306a8ad2ff6dfadc447e90f9961bef43",
                "sha256:4e465afc3b96dbc80cf4a5273e5e2b1e3451286361b4af70ce1adb2984d392f9",
                "sha256:55b745fca0a5ab738647d0e4db099bd0a23279c32b31a783ad2ccea729e632df",
                "sha256:5d050e1e4bc9ddb8656d7b4f414557720ddcca23a5b88dd7cff65e847864c400",
                "sha256:637d827248f447e63585ca3f4a7d2dfaa882e094df6cfa177cc9cf9cd6cdf6d2",
                "sha256:6690080810f77485667bfbff4f69d717c3be25e5b11bb2073e76bb3f578d99b4",
                "sha256:66fbc6fed94a13b9801fb70b96ff30605ab0a123e775a5e7a26938b717c5d71a",
                "sha256:67d44acb72c31a97a3d5d33d103ab06d8ac20770e1c5ad81bdb3f0c086a56cf6",
                "sha256:6ca2b85a5997dabc38301a22ee43c82adcb53ff660b89ee88dded6b33687e1d8",
                "sha256:6e51534e78d14b4a009a062641f465cfaba4fdcb046c3ac0b1f61dd97c861b1b",
                "sha256:70eb5808127284c4e5c9e836208e09d685a7978b6a216db85960b1a112eeace8",
                "sha256:830b044f4e64a76ba71448fce6e604c0fc47a0e54d8f6467be23749ac2cbd2fb",
                "sha256:8b7bb4b9280da3b2856cb1fc425932f46fba609819ee1c62256f61799e6a51d2",
                "sha256:a9c65473ebc342715cb2d7926ff1e202c26376c0dcaaee85a1fd4b8d8c1d3b2f",
                "sha256:c1c09247ccea742525bdb5f4b5ceeacb34f95731647fe55774aa36557dbb5fa4",
                "sha256:c5bf0e132acf7557fc9bb8ded8b53bbbbea8892f3c9a1738205878ca9434206a",
                "sha256:db250fd3e90117e0312b611574cd1b3f78bec046783195075cbd7ba9c3d73f16",
                "sha256:e515c9a93aebe27166ec9593411c58494fa98e5fcc219e47260d9ab8a1cc7f9f",
                "sha256:e55185e51b18d788e49fe8305fd73ef4470596b33fc2c1ceb304566b99c71a69",
                "sha256:ea9cff01e75a956dbee133fa8e5b68f2f92175233de2f88de3a682dd94deda65",
                "sha256:f1452578d0516283c87608a5a5548b0cdde15b99650efdfd85182102ef7a7c17",
                "sha256:f39a995e47cb8649673cfa0579fbdd1cdd33ea497d1728a6cb194d6252268e48"
            ],
            "markers": "python_version == '3.8'",
            "version": "==1.20.3"
        },
        "pandas": {
            "hashes": [
                "sha256:0cd5776be891331a3e6b425b5abeab9596abea18435c5982191356f9b24ae731",
                "sha256:1099e2a0cd3a01ec62cca183fc1555833a2d43764950ef8cb5948c8abfc51014",
                "sha256:132def05e73d292c949b02e7ef873debb77acc44a8b119d215921046f0c3a91d",
                "sha256:1738154049062156429a5cf2fd79a69c9f3fa4f231346a7ec6fd156cd1a9a621",
                "sha256:34ced9ce5d5b17b556486da7256961b55b471d64a8990b56e67a84ebeb259416",
                "sha256:53b17e4debba26b7446b1e4795c19f94f0c715e288e08145e44bdd2865e819b3",
                "sha256:59a78d7066d1c921a77e3306aa0ebf6e55396c097d5dfcc4df8defe3dcecb735",
                "sha256:66a95361b81b4ba04b699ecd2416b0591f40cd1e24c60a8bfe0d19009cfa575a",
                "sha256:69e1b2f5811f46827722fd641fdaeedb26002bd1e504eacc7a8ec36bdc25393e",
                "sha256:7996d311413379136baf0f3cf2a10e331697657c87ced3f17ac7c77f77fe34a3",
                "sha256:89f40e5d21814192802421df809f948247d39ffe171e45fe2ab4abf7bd4279d8",
                "sha256:9cce01f6d655b4add966fcd36c32c5d1fe84628e200626b3f5e2f40db2d16a0f",
                "sha256:a56246de744baf646d1f3e050c4653d632bc9cd2e0605f41051fea59980e880a",
                "sha256:ba7ceb8abc6dbdb1e34612d1173d61e4941f1a1eb7e6f703b2633134ae6a6c89",
                "sha256:c9e8e0ce5284ebebe110efd652c164ed6eab77f5de4c3533abc756302ee77765",
                "sha256:cbcb84d63867af3411fa063af3de64902665bb5b3d40b25b2059e40603594e87",
                "sha256:f07a9745ca075ae73a5ce116f5e58f691c0dc9de0bff163527858459df5c176f",
                "sha256:fa54dc1d3e5d004a09ab0b1751473698011ddf03e14f1f59b84ad9a6ac630975",
                "sha256:fcb71b1935249de80e3a808227189eee381d4d74a31760ced2df21eedc92a8e3"
            ],
            "markers": "python_full_version >= '3.7.1'",
            "version": "==1.3.2"
        },
        "plotly": {
            "hashes": [
                "sha256:6598393e898a9c5ae78397f76f07002ec41fd92e5f746d3b9806248d53885643",
                "sha256:c3da90d41cab36722048eaa5d0eee7a286a55982835980e5f183e5536b823f07"
            ],
            "markers": "python_version >= '3.6'",
            "version": "==5.3.1"
        },
        "pvlib": {
            "hashes": [
                "sha256:25091c4c5d27362b0f8252559416bdc4a9298634281d3257144e402d267cd635",
                "sha256:6f0da33ca9fe43c3ce4189e8ecad2cdc65a5a4f4941f3202b03b7ada18d46abb",
                "sha256:8661b799bb6d9a4bf9c5bc46dc23a12843c0b38090fa1732cf8dc8a0e7063210"
            ],
            "index": "pypi",
            "version": "==0.9.0"
        },
        "pythermalcomfort": {
            "hashes": [
                "sha256:466361b9d6fbba5d0bc9f01c7c7f430cea2d836040e0948c41ee045949ed9716",
                "sha256:7300b79b8d655d100329719f90609a7d8a1d3a24a4888d70692caea868f967ba"
            ],
            "index": "pypi",
            "version": "==1.7.0"
        },
        "python-dateutil": {
            "hashes": [
                "sha256:0123cacc1627ae19ddf3c27a5de5bd67ee4586fbdd6440d9748f8abb483d3e86",
                "sha256:961d03dc3453ebbc59dbdea9e4e11c5651520a876d0f4db161e8674aae935da9"
            ],
            "markers": "python_version >= '2.7' and python_version not in '3.0, 3.1, 3.2, 3.3'",
            "version": "==2.8.2"
        },
        "pytz": {
            "hashes": [
                "sha256:83a4a90894bf38e243cf052c8b58f381bfe9a7a483f6a9cab140bc7f702ac4da",
                "sha256:eb10ce3e7736052ed3623d49975ce333bcd712c7bb19a58b9e2089d4057d0798"
            ],
            "version": "==2021.1"
        },
        "requests": {
            "hashes": [
                "sha256:6c1246513ecd5ecd4528a0906f910e8f0f9c6b8ec72030dc9fd154dc1a6efd24",
                "sha256:b8aa58f8cf793ffd8782d3d8cb19e66ef36f7aba4353eec859e74678b01b07a7"
            ],
            "markers": "python_version >= '2.7' and python_version not in '3.0, 3.1, 3.2, 3.3, 3.4, 3.5'",
            "version": "==2.26.0"
        },
        "scipy": {
            "hashes": [
                "sha256:2a0eeaab01258e0870c4022a6cd329aef3b7c6c2b606bd7cf7bb2ba9820ae561",
                "sha256:3304bd5bc32e00954ac4b3f4cc382ca8824719bf348aacbec6347337d6b125fe",
                "sha256:3f52470e0548cdb74fb8ddf06773ffdcca7c97550f903b1c51312ec19243a7f7",
                "sha256:4729b41a4cdaf4cd011aeac816b532f990bdf97710cef59149d3e293115cf467",
                "sha256:4ee952f39a4a4c7ba775a32b664b1f4b74818548b65f765987adc14bb78f5802",
                "sha256:611f9cb459d0707dd8e4de0c96f86e93f61aac7475fcb225e9ec71fecdc5cebf",
                "sha256:6b47d5fa7ea651054362561a28b1ccc8da9368a39514c1bbf6c0977a1c376764",
                "sha256:71cfc96297617eab911e22216e8a8597703202e95636d9406df9af5c2ac99a2b",
                "sha256:787749110a23502031fb1643c55a2236c99c6b989cca703ea2114d65e21728ef",
                "sha256:90c07ba5f34f33299a428b0d4fa24c30d2ceba44d63f8385b2b05be460819fcb",
                "sha256:a496b42dbcd04ea9924f5e92be63af3d8e0f43a274b769bfaca0a297327d54ee",
                "sha256:bc61e3e5ff92d2f32bb263621d54a9cff5e3f7c420af3d1fa122ce2529de2bd9",
                "sha256:c9951e3746b68974125e5e3445008a4163dd6d20ae0bbdae22b38cb8951dc11b",
                "sha256:d1388fbac9dd591ea630da75c455f4cc637a7ca5ecb31a6b6cef430914749cde",
                "sha256:d13f31457f2216e5705304d9f28e2826edf75487410a57aa99263fa4ffd792c2",
                "sha256:d648aa85dd5074b1ed83008ae987c3fbb53d68af619fce1dee231f4d8bd40e2f",
                "sha256:da9c6b336e540def0b7fd65603da8abeb306c5fc9a5f4238665cbbb5ff95cf58",
                "sha256:e101bceeb9e65a90dadbc5ca31283403a2d4667b9c178db29109750568e8d112",
                "sha256:efdd3825d54c58df2cc394366ca4b9166cf940a0ebddeb87b6c10053deb625ea"
            ],
            "markers": "python_version < '3.10' and python_version >= '3.7'",
            "version": "==1.7.1"
        },
        "six": {
            "hashes": [
                "sha256:1e61c37477a1626458e36f7b1d82aa5c9b094fa4802892072e49de9c60c4c926",
                "sha256:8abb2f1d86890a2dfb989f9a77cfcfd3e47c2a354b01111771326f8aa26e0254"
            ],
            "markers": "python_version >= '2.7' and python_version not in '3.0, 3.1, 3.2, 3.3'",
            "version": "==1.16.0"
        },
        "tenacity": {
            "hashes": [
                "sha256:43242a20e3e73291a28bcbcacfd6e000b02d3857a9a9fff56b297a27afdc932f",
                "sha256:f78f4ea81b0fabc06728c11dc2a8c01277bfc5181b321a4770471902e3eb844a"
            ],
            "markers": "python_version >= '3.6'",
            "version": "==8.0.1"
        },
        "urllib3": {
            "hashes": [
                "sha256:39fb8672126159acb139a7718dd10806104dec1e2f0f6c88aab05d17df10c8d4",
                "sha256:f57b4c16c62fa2760b7e3d97c35b255512fb6b59a259730f36ba32ce9f8e342f"
            ],
            "markers": "python_version >= '2.7' and python_version not in '3.0, 3.1, 3.2, 3.3, 3.4' and python_version < '4'",
            "version": "==1.26.6"
        },
        "werkzeug": {
            "hashes": [
                "sha256:1de1db30d010ff1af14a009224ec49ab2329ad2cde454c8a708130642d579c42",
                "sha256:6c1ec500dcdba0baa27600f6a22f6333d8b662d22027ff9f6202e3367413caa8"
            ],
            "markers": "python_version >= '3.6'",
            "version": "==2.0.1"
        }
    },
    "develop": {
        "atomicwrites": {
            "hashes": [
                "sha256:6d1784dea7c0c8d4a5172b6c620f40b6e4cbfdf96d783691f2e1302a7b88e197",
                "sha256:ae70396ad1a434f9c7046fd2dd196fc04b12f9e91ffb859164193be8b6168a7a"
            ],
            "markers": "sys_platform == 'win32'",
            "version": "==1.4.0"
        },
        "attrs": {
            "hashes": [
                "sha256:149e90d6d8ac20db7a955ad60cf0e6881a3f20d37096140088356da6c716b0b1",
                "sha256:ef6aaac3ca6cd92904cdd0d83f629a15f18053ec84e6432106f7a4d04ae4f5fb"
            ],
            "markers": "python_version >= '2.7' and python_version not in '3.0, 3.1, 3.2, 3.3, 3.4'",
            "version": "==21.2.0"
        },
        "bump2version": {
            "hashes": [
                "sha256:37f927ea17cde7ae2d7baf832f8e80ce3777624554a653006c9144f8017fe410",
                "sha256:762cb2bfad61f4ec8e2bdf452c7c267416f8c70dd9ecb1653fd0bbb01fa936e6"
            ],
            "index": "pypi",
            "version": "==1.0.1"
        },
        "cleanpy": {
            "hashes": [
                "sha256:85be2d7d140185d7b3ef01515dd319f2352e83e787a62834d78fc1f33e0e593b",
                "sha256:a27328025fb248d2fb31581814b3352bc7c98160d03259209d2990064143d583"
            ],
            "index": "pypi",
            "version": "==0.3.1"
        },
        "colorama": {
            "hashes": [
                "sha256:5941b2b48a20143d2267e95b1c2a7603ce057ee39fd88e7329b0c292aa16869b",
                "sha256:9f47eda37229f68eee03b24b9748937c7dc3868f906e8ba69fbcbdd3bc5dc3e2"
            ],
            "markers": "platform_system == 'Windows'",
            "version": "==0.4.4"
        },
        "iniconfig": {
            "hashes": [
                "sha256:011e24c64b7f47f6ebd835bb12a743f2fbe9a26d4cecaa7f53bc4f35ee9da8b3",
                "sha256:bc3af051d7d14b2ee5ef9969666def0cd1a000e121eaea580d4a313df4b37f32"
            ],
            "version": "==1.1.1"
        },
        "packaging": {
            "hashes": [
                "sha256:7dc96269f53a4ccec5c0670940a4281106dd0bb343f47b7471f779df49c2fbe7",
                "sha256:c86254f9220d55e31cc94d69bade760f0847da8000def4dfe1c6b872fd14ff14"
            ],
            "markers": "python_version >= '3.6'",
            "version": "==21.0"
        },
        "pluggy": {
            "hashes": [
                "sha256:4224373bacce55f955a878bf9cfa763c1e360858e330072059e10bad68531159",
                "sha256:74134bbf457f031a36d68416e1509f34bd5ccc019f0bcc952c7b909d06b37bd3"
            ],
            "markers": "python_version >= '3.6'",
            "version": "==1.0.0"
        },
        "py": {
            "hashes": [
                "sha256:21b81bda15b66ef5e1a777a21c4dcd9c20ad3efd0b3f817e7a809035269e1bd3",
                "sha256:3b80836aa6d1feeaa108e046da6423ab8f6ceda6468545ae8d02d9d58d18818a"
            ],
            "markers": "python_version >= '2.7' and python_version not in '3.0, 3.1, 3.2, 3.3'",
            "version": "==1.10.0"
        },
        "pyparsing": {
            "hashes": [
                "sha256:c203ec8783bf771a155b207279b9bccb8dea02d8f0c9e5f8ead507bc3246ecc1",
                "sha256:ef9d7589ef3c200abe66653d3f1ab1033c3c419ae9b9bdb1240a85b024efc88b"
            ],
            "markers": "python_version >= '2.6' and python_version not in '3.0, 3.1, 3.2, 3.3'",
            "version": "==2.4.7"
        },
        "pytest": {
            "hashes": [
                "sha256:131b36680866a76e6781d13f101efb86cf674ebb9762eb70d3082b6f29889e89",
                "sha256:7310f8d27bc79ced999e760ca304d69f6ba6c6649c0b60fb0e04a4a77cacc134"
            ],
            "index": "pypi",
            "version": "==6.2.5"
        },
        "toml": {
            "hashes": [
                "sha256:806143ae5bfb6a3c6e736a764057db0e6a0e05e338b5630894a5f779cabb4f9b",
                "sha256:b3bda1d108d5dd99f4a20d24d9c348e91c4db7ab1b749200bded2f839ccbe68f"
            ],
            "markers": "python_version >= '2.6' and python_version not in '3.0, 3.1, 3.2, 3.3'",
            "version": "==0.10.2"
        }
    }
}
